
Microsoft Visual Studio Solution File, Format Version 12.00
# Visual Studio Version 17
VisualStudioVersion = 17.7.34024.191
MinimumVisualStudioVersion = 10.0.40219.1
Project("{2150E333-8FDC-42A3-9474-1A3956D46DE8}") = "Task0", "Task0", "{79F3B20E-BA7A-4E88-A824-A02D2B943E62}"
EndProject
Project("{FAE04EC0-301F-11D3-BF4B-00C04F79EFBC}") = "Tyuiu.PetrovNE.Sprint6.Task0.V7.Test", "Tyuiu.PetrovNE.Sprint6.Task0.V7.Test\Tyuiu.PetrovNE.Sprint6.Task0.V7.Test.csproj", "{C01F03CA-3262-4F1B-92AC-62F2D934D6FA}"
EndProject
Project("{FAE04EC0-301F-11D3-BF4B-00C04F79EFBC}") = "Tyuiu.PetrovNE.Sprint6.Task0.V7.Lib", "Tyuiu.PetrovNE.Sprint6.Task0.V7.Lib\Tyuiu.PetrovNE.Sprint6.Task0.V7.Lib.csproj", "{D6A8A09C-B82C-4F9E-A039-FD9C7A7918A4}"
EndProject
Project("{FAE04EC0-301F-11D3-BF4B-00C04F79EFBC}") = "Tyuiu.PetrovNE.Sprint6.Task0.V7", "Tyuiu.PetrovNE.Sprint6.Task0.V7\Tyuiu.PetrovNE.Sprint6.Task0.V7.csproj", "{FD304049-D88A-4CFA-9ADE-B97B8B37A23B}"
EndProject
Project("{2150E333-8FDC-42A3-9474-1A3956D46DE8}") = "Task1", "Task1", "{F7D20543-7325-4CA7-A992-6DA7B4E755FE}"
EndProject
Project("{FAE04EC0-301F-11D3-BF4B-00C04F79EFBC}") = "Tyuiu.PetrovNE.Sprint6.Task1.V18.Lib", "Tyuiu.PetrovNE.Sprint6.Task1.V18.Lib\Tyuiu.PetrovNE.Sprint6.Task1.V18.Lib.csproj", "{E4D83A82-E1D3-4005-AED3-50C06839AA33}"
EndProject
Project("{FAE04EC0-301F-11D3-BF4B-00C04F79EFBC}") = "Tyuiu.PetrovNE.Sprint6.Task1.V18.Test", "Tyuiu.PetrovNE.Sprint6.Task1.V18.Test\Tyuiu.PetrovNE.Sprint6.Task1.V18.Test.csproj", "{0B3A9489-8116-4FE2-9122-4DFDB94DA495}"
EndProject
Project("{FAE04EC0-301F-11D3-BF4B-00C04F79EFBC}") = "Tyuiu.PetrovNE.Sprint6.Task1.V18", "Tyuiu.PetrovNE.Sprint6.Task1.V18\Tyuiu.PetrovNE.Sprint6.Task1.V18.csproj", "{427051A9-179F-4213-A58B-77C8DCEC78CD}"
EndProject
Project("{2150E333-8FDC-42A3-9474-1A3956D46DE8}") = "Task2", "Task2", "{04DF8424-BCAE-4599-91AD-6510A5B6CA81}"
EndProject
Project("{FAE04EC0-301F-11D3-BF4B-00C04F79EFBC}") = "Tyuiu.PetrovNE.Sprint6.Task2.V23.Lib", "Tyuiu.PetrovNE.Sprint6.Task2.V23.Lib\Tyuiu.PetrovNE.Sprint6.Task2.V23.Lib.csproj", "{0A372E43-7142-4809-BF98-A2E9A1CC27B4}"
EndProject
Project("{FAE04EC0-301F-11D3-BF4B-00C04F79EFBC}") = "Tyuiu.PetrovNE.Sprint6.Task2.V23.Test", "Tyuiu.PetrovNE.Sprint6.Task2.V23.Test\Tyuiu.PetrovNE.Sprint6.Task2.V23.Test.csproj", "{26367097-3754-4EAB-B68A-215442DE4CD3}"
EndProject
Project("{FAE04EC0-301F-11D3-BF4B-00C04F79EFBC}") = "Tyuiu.PetrovNE.Sprint6.Task2.V23", "Tyuiu.PetrovNE.Sprint6.Task2.V23\Tyuiu.PetrovNE.Sprint6.Task2.V23.csproj", "{841DEDAE-6A30-44B7-B2C4-465135225383}"
EndProject
Global
	GlobalSection(SolutionConfigurationPlatforms) = preSolution
		Debug|Any CPU = Debug|Any CPU
		Release|Any CPU = Release|Any CPU
	EndGlobalSection
	GlobalSection(ProjectConfigurationPlatforms) = postSolution
		{C01F03CA-3262-4F1B-92AC-62F2D934D6FA}.Debug|Any CPU.ActiveCfg = Debug|Any CPU
		{C01F03CA-3262-4F1B-92AC-62F2D934D6FA}.Debug|Any CPU.Build.0 = Debug|Any CPU
		{C01F03CA-3262-4F1B-92AC-62F2D934D6FA}.Release|Any CPU.ActiveCfg = Release|Any CPU
		{C01F03CA-3262-4F1B-92AC-62F2D934D6FA}.Release|Any CPU.Build.0 = Release|Any CPU
		{D6A8A09C-B82C-4F9E-A039-FD9C7A7918A4}.Debug|Any CPU.ActiveCfg = Debug|Any CPU
		{D6A8A09C-B82C-4F9E-A039-FD9C7A7918A4}.Debug|Any CPU.Build.0 = Debug|Any CPU
		{D6A8A09C-B82C-4F9E-A039-FD9C7A7918A4}.Release|Any CPU.ActiveCfg = Release|Any CPU
		{D6A8A09C-B82C-4F9E-A039-FD9C7A7918A4}.Release|Any CPU.Build.0 = Release|Any CPU
		{FD304049-D88A-4CFA-9ADE-B97B8B37A23B}.Debug|Any CPU.ActiveCfg = Debug|Any CPU
		{FD304049-D88A-4CFA-9ADE-B97B8B37A23B}.Debug|Any CPU.Build.0 = Debug|Any CPU
		{FD304049-D88A-4CFA-9ADE-B97B8B37A23B}.Release|Any CPU.ActiveCfg = Release|Any CPU
		{FD304049-D88A-4CFA-9ADE-B97B8B37A23B}.Release|Any CPU.Build.0 = Release|Any CPU
		{E4D83A82-E1D3-4005-AED3-50C06839AA33}.Debug|Any CPU.ActiveCfg = Debug|Any CPU
		{E4D83A82-E1D3-4005-AED3-50C06839AA33}.Debug|Any CPU.Build.0 = Debug|Any CPU
		{E4D83A82-E1D3-4005-AED3-50C06839AA33}.Release|Any CPU.ActiveCfg = Release|Any CPU
		{E4D83A82-E1D3-4005-AED3-50C06839AA33}.Release|Any CPU.Build.0 = Release|Any CPU
		{0B3A9489-8116-4FE2-9122-4DFDB94DA495}.Debug|Any CPU.ActiveCfg = Debug|Any CPU
		{0B3A9489-8116-4FE2-9122-4DFDB94DA495}.Debug|Any CPU.Build.0 = Debug|Any CPU
		{0B3A9489-8116-4FE2-9122-4DFDB94DA495}.Release|Any CPU.ActiveCfg = Release|Any CPU
		{0B3A9489-8116-4FE2-9122-4DFDB94DA495}.Release|Any CPU.Build.0 = Release|Any CPU
		{427051A9-179F-4213-A58B-77C8DCEC78CD}.Debug|Any CPU.ActiveCfg = Debug|Any CPU
		{427051A9-179F-4213-A58B-77C8DCEC78CD}.Debug|Any CPU.Build.0 = Debug|Any CPU
		{427051A9-179F-4213-A58B-77C8DCEC78CD}.Release|Any CPU.ActiveCfg = Release|Any CPU
		{427051A9-179F-4213-A58B-77C8DCEC78CD}.Release|Any CPU.Build.0 = Release|Any CPU
		{0A372E43-7142-4809-BF98-A2E9A1CC27B4}.Debug|Any CPU.ActiveCfg = Debug|Any CPU
		{0A372E43-7142-4809-BF98-A2E9A1CC27B4}.Debug|Any CPU.Build.0 = Debug|Any CPU
		{0A372E43-7142-4809-BF98-A2E9A1CC27B4}.Release|Any CPU.ActiveCfg = Release|Any CPU
		{0A372E43-7142-4809-BF98-A2E9A1CC27B4}.Release|Any CPU.Build.0 = Release|Any CPU
		{26367097-3754-4EAB-B68A-215442DE4CD3}.Debug|Any CPU.ActiveCfg = Debug|Any CPU
		{26367097-3754-4EAB-B68A-215442DE4CD3}.Debug|Any CPU.Build.0 = Debug|Any CPU
		{26367097-3754-4EAB-B68A-215442DE4CD3}.Release|Any CPU.ActiveCfg = Release|Any CPU
		{26367097-3754-4EAB-B68A-215442DE4CD3}.Release|Any CPU.Build.0 = Release|Any CPU
		{841DEDAE-6A30-44B7-B2C4-465135225383}.Debug|Any CPU.ActiveCfg = Debug|Any CPU
		{841DEDAE-6A30-44B7-B2C4-465135225383}.Debug|Any CPU.Build.0 = Debug|Any CPU
		{841DEDAE-6A30-44B7-B2C4-465135225383}.Release|Any CPU.ActiveCfg = Release|Any CPU
		{841DEDAE-6A30-44B7-B2C4-465135225383}.Release|Any CPU.Build.0 = Release|Any CPU
	EndGlobalSection
	GlobalSection(SolutionProperties) = preSolution
		HideSolutionNode = FALSE
	EndGlobalSection
	GlobalSection(NestedProjects) = preSolution
		{C01F03CA-3262-4F1B-92AC-62F2D934D6FA} = {79F3B20E-BA7A-4E88-A824-A02D2B943E62}
		{D6A8A09C-B82C-4F9E-A039-FD9C7A7918A4} = {79F3B20E-BA7A-4E88-A824-A02D2B943E62}
		{FD304049-D88A-4CFA-9ADE-B97B8B37A23B} = {79F3B20E-BA7A-4E88-A824-A02D2B943E62}
		{E4D83A82-E1D3-4005-AED3-50C06839AA33} = {F7D20543-7325-4CA7-A992-6DA7B4E755FE}
		{0B3A9489-8116-4FE2-9122-4DFDB94DA495} = {F7D20543-7325-4CA7-A992-6DA7B4E755FE}
		{427051A9-179F-4213-A58B-77C8DCEC78CD} = {F7D20543-7325-4CA7-A992-6DA7B4E755FE}
		{0A372E43-7142-4809-BF98-A2E9A1CC27B4} = {04DF8424-BCAE-4599-91AD-6510A5B6CA81}
		{26367097-3754-4EAB-B68A-215442DE4CD3} = {04DF8424-BCAE-4599-91AD-6510A5B6CA81}
		{841DEDAE-6A30-44B7-B2C4-465135225383} = {04DF8424-BCAE-4599-91AD-6510A5B6CA81}
	EndGlobalSection
	GlobalSection(ExtensibilityGlobals) = postSolution
		SolutionGuid = {F1575414-5C91-4F6F-A731-604DE0F1279C}
	EndGlobalSection
EndGlobal
