
Microsoft Visual Studio Solution File, Format Version 12.00
# Visual Studio Version 17
VisualStudioVersion = 17.7.34024.191
MinimumVisualStudioVersion = 10.0.40219.1
Project("{2150E333-8FDC-42A3-9474-1A3956D46DE8}") = "Task0", "Task0", "{79F3B20E-BA7A-4E88-A824-A02D2B943E62}"
EndProject
Project("{FAE04EC0-301F-11D3-BF4B-00C04F79EFBC}") = "Tyuiu.PetrovNE.Sprint6.Task0.V7.Test", "Tyuiu.PetrovNE.Sprint6.Task0.V7.Test\Tyuiu.PetrovNE.Sprint6.Task0.V7.Test.csproj", "{C01F03CA-3262-4F1B-92AC-62F2D934D6FA}"
EndProject
Project("{FAE04EC0-301F-11D3-BF4B-00C04F79EFBC}") = "Tyuiu.PetrovNE.Sprint6.Task0.V7.Lib", "Tyuiu.PetrovNE.Sprint6.Task0.V7.Lib\Tyuiu.PetrovNE.Sprint6.Task0.V7.Lib.csproj", "{D6A8A09C-B82C-4F9E-A039-FD9C7A7918A4}"
EndProject
Project("{FAE04EC0-301F-11D3-BF4B-00C04F79EFBC}") = "Tyuiu.PetrovNE.Sprint6.Task0.V7", "Tyuiu.PetrovNE.Sprint6.Task0.V7\Tyuiu.PetrovNE.Sprint6.Task0.V7.csproj", "{FD304049-D88A-4CFA-9ADE-B97B8B37A23B}"
EndProject
Project("{2150E333-8FDC-42A3-9474-1A3956D46DE8}") = "Task1", "Task1", "{F7D20543-7325-4CA7-A992-6DA7B4E755FE}"
EndProject
Project("{FAE04EC0-301F-11D3-BF4B-00C04F79EFBC}") = "Tyuiu.PetrovNE.Sprint6.Task1.V18.Lib", "Tyuiu.PetrovNE.Sprint6.Task1.V18.Lib\Tyuiu.PetrovNE.Sprint6.Task1.V18.Lib.csproj", "{E4D83A82-E1D3-4005-AED3-50C06839AA33}"
EndProject
Project("{FAE04EC0-301F-11D3-BF4B-00C04F79EFBC}") = "Tyuiu.PetrovNE.Sprint6.Task1.V18.Test", "Tyuiu.PetrovNE.Sprint6.Task1.V18.Test\Tyuiu.PetrovNE.Sprint6.Task1.V18.Test.csproj", "{0B3A9489-8116-4FE2-9122-4DFDB94DA495}"
EndProject
Project("{FAE04EC0-301F-11D3-BF4B-00C04F79EFBC}") = "Tyuiu.PetrovNE.Sprint6.Task1.V18", "Tyuiu.PetrovNE.Sprint6.Task1.V18\Tyuiu.PetrovNE.Sprint6.Task1.V18.csproj", "{427051A9-179F-4213-A58B-77C8DCEC78CD}"
EndProject
Project("{2150E333-8FDC-42A3-9474-1A3956D46DE8}") = "Task2", "Task2", "{04DF8424-BCAE-4599-91AD-6510A5B6CA81}"
EndProject
Project("{FAE04EC0-301F-11D3-BF4B-00C04F79EFBC}") = "Tyuiu.PetrovNE.Sprint6.Task2.V23.Lib", "Tyuiu.PetrovNE.Sprint6.Task2.V23.Lib\Tyuiu.PetrovNE.Sprint6.Task2.V23.Lib.csproj", "{0A372E43-7142-4809-BF98-A2E9A1CC27B4}"
EndProject
Project("{FAE04EC0-301F-11D3-BF4B-00C04F79EFBC}") = "Tyuiu.PetrovNE.Sprint6.Task2.V23.Test", "Tyuiu.PetrovNE.Sprint6.Task2.V23.Test\Tyuiu.PetrovNE.Sprint6.Task2.V23.Test.csproj", "{26367097-3754-4EAB-B68A-215442DE4CD3}"
EndProject
Project("{FAE04EC0-301F-11D3-BF4B-00C04F79EFBC}") = "Tyuiu.PetrovNE.Sprint6.Task2.V23", "Tyuiu.PetrovNE.Sprint6.Task2.V23\Tyuiu.PetrovNE.Sprint6.Task2.V23.csproj", "{841DEDAE-6A30-44B7-B2C4-465135225383}"
EndProject
Project("{2150E333-8FDC-42A3-9474-1A3956D46DE8}") = "Task3", "Task3", "{5E99FF9C-3CE0-463A-A7DB-7EA0674A50AF}"
EndProject
Project("{FAE04EC0-301F-11D3-BF4B-00C04F79EFBC}") = "Tyuiu.PetrovNE.Sprint6.Task3.V4.Lib", "Tyuiu.PetrovNE.Sprint6.Task3.V4.Lib\Tyuiu.PetrovNE.Sprint6.Task3.V4.Lib.csproj", "{5E9F018D-9A66-4C64-A465-A463B32DA6CB}"
EndProject
Project("{FAE04EC0-301F-11D3-BF4B-00C04F79EFBC}") = "Tyuiu.PetrovNE.Sprint6.Task3.V4.Test", "Tyuiu.PetrovNE.Sprint6.Task3.V4.Test\Tyuiu.PetrovNE.Sprint6.Task3.V4.Test.csproj", "{2FAEF3E9-FC2E-4069-AA08-B33ED3542A1B}"
EndProject
Project("{FAE04EC0-301F-11D3-BF4B-00C04F79EFBC}") = "Tyuiu.PetrovNE.Sprint6.Task3.V4", "Tyuiu.PetrovNE.Sprint6.Task3.V4\Tyuiu.PetrovNE.Sprint6.Task3.V4.csproj", "{866F5FB1-73CE-4254-9650-8368BC9E438B}"
EndProject
Project("{2150E333-8FDC-42A3-9474-1A3956D46DE8}") = "Task4", "Task4", "{A5DDCEA6-C104-4333-9F9F-887BF3506EB1}"
EndProject
Project("{FAE04EC0-301F-11D3-BF4B-00C04F79EFBC}") = "Tyuiu.PetrovNE.Sprint6.Task4.V7.Lib", "Tyuiu.PetrovNE.Sprint6.Task4.V7.Lib\Tyuiu.PetrovNE.Sprint6.Task4.V7.Lib.csproj", "{16464D18-320D-432D-852F-810AB8782EB1}"
EndProject
Project("{FAE04EC0-301F-11D3-BF4B-00C04F79EFBC}") = "Tyuiu.PetrovNE.Sprint6.Task4.V7.Test", "Tyuiu.PetrovNE.Sprint6.Task4.V7.Test\Tyuiu.PetrovNE.Sprint6.Task4.V7.Test.csproj", "{051EC0DE-A6CA-42AD-BBA9-0E21EBC60549}"
EndProject
Project("{FAE04EC0-301F-11D3-BF4B-00C04F79EFBC}") = "Tyuiu.PetrovNE.Sprint6.Task4.V7", "Tyuiu.PetrovNE.Sprint6.Task4.V7\Tyuiu.PetrovNE.Sprint6.Task4.V7.csproj", "{BCDF73FD-CA88-4003-9E66-E127A78F8068}"
EndProject
Project("{2150E333-8FDC-42A3-9474-1A3956D46DE8}") = "Task5", "Task5", "{E9F3926D-633F-42FD-987A-F19519ED512B}"
EndProject
Project("{FAE04EC0-301F-11D3-BF4B-00C04F79EFBC}") = "Tyuiu.PetrovNE.Sprint6.Task5.V2.Lib", "Tyuiu.PetrovNE.Sprint6.Task5.V2.Lib\Tyuiu.PetrovNE.Sprint6.Task5.V2.Lib.csproj", "{78D1A1F8-7610-4BBF-84AA-2E24490F91F1}"
EndProject
Project("{FAE04EC0-301F-11D3-BF4B-00C04F79EFBC}") = "Tyuiu.PetrovNE.Sprint6.Task5.V2.Test", "Tyuiu.PetrovNE.Sprint6.Task5.V2.Test\Tyuiu.PetrovNE.Sprint6.Task5.V2.Test.csproj", "{50D05198-33B7-4EDE-B98F-FCFD8FD84024}"
EndProject
Project("{FAE04EC0-301F-11D3-BF4B-00C04F79EFBC}") = "Tyuiu.PetrovNE.Sprint6.Task5.V2", "Tyuiu.PetrovNE.Sprint6.Task5.V2\Tyuiu.PetrovNE.Sprint6.Task5.V2.csproj", "{10A146C0-88CC-45D6-AEDC-E46230AA19D8}"
EndProject
Global
	GlobalSection(SolutionConfigurationPlatforms) = preSolution
		Debug|Any CPU = Debug|Any CPU
		Release|Any CPU = Release|Any CPU
	EndGlobalSection
	GlobalSection(ProjectConfigurationPlatforms) = postSolution
		{C01F03CA-3262-4F1B-92AC-62F2D934D6FA}.Debug|Any CPU.ActiveCfg = Debug|Any CPU
		{C01F03CA-3262-4F1B-92AC-62F2D934D6FA}.Debug|Any CPU.Build.0 = Debug|Any CPU
		{C01F03CA-3262-4F1B-92AC-62F2D934D6FA}.Release|Any CPU.ActiveCfg = Release|Any CPU
		{C01F03CA-3262-4F1B-92AC-62F2D934D6FA}.Release|Any CPU.Build.0 = Release|Any CPU
		{D6A8A09C-B82C-4F9E-A039-FD9C7A7918A4}.Debug|Any CPU.ActiveCfg = Debug|Any CPU
		{D6A8A09C-B82C-4F9E-A039-FD9C7A7918A4}.Debug|Any CPU.Build.0 = Debug|Any CPU
		{D6A8A09C-B82C-4F9E-A039-FD9C7A7918A4}.Release|Any CPU.ActiveCfg = Release|Any CPU
		{D6A8A09C-B82C-4F9E-A039-FD9C7A7918A4}.Release|Any CPU.Build.0 = Release|Any CPU
		{FD304049-D88A-4CFA-9ADE-B97B8B37A23B}.Debug|Any CPU.ActiveCfg = Debug|Any CPU
		{FD304049-D88A-4CFA-9ADE-B97B8B37A23B}.Debug|Any CPU.Build.0 = Debug|Any CPU
		{FD304049-D88A-4CFA-9ADE-B97B8B37A23B}.Release|Any CPU.ActiveCfg = Release|Any CPU
		{FD304049-D88A-4CFA-9ADE-B97B8B37A23B}.Release|Any CPU.Build.0 = Release|Any CPU
		{E4D83A82-E1D3-4005-AED3-50C06839AA33}.Debug|Any CPU.ActiveCfg = Debug|Any CPU
		{E4D83A82-E1D3-4005-AED3-50C06839AA33}.Debug|Any CPU.Build.0 = Debug|Any CPU
		{E4D83A82-E1D3-4005-AED3-50C06839AA33}.Release|Any CPU.ActiveCfg = Release|Any CPU
		{E4D83A82-E1D3-4005-AED3-50C06839AA33}.Release|Any CPU.Build.0 = Release|Any CPU
		{0B3A9489-8116-4FE2-9122-4DFDB94DA495}.Debug|Any CPU.ActiveCfg = Debug|Any CPU
		{0B3A9489-8116-4FE2-9122-4DFDB94DA495}.Debug|Any CPU.Build.0 = Debug|Any CPU
		{0B3A9489-8116-4FE2-9122-4DFDB94DA495}.Release|Any CPU.ActiveCfg = Release|Any CPU
		{0B3A9489-8116-4FE2-9122-4DFDB94DA495}.Release|Any CPU.Build.0 = Release|Any CPU
		{427051A9-179F-4213-A58B-77C8DCEC78CD}.Debug|Any CPU.ActiveCfg = Debug|Any CPU
		{427051A9-179F-4213-A58B-77C8DCEC78CD}.Debug|Any CPU.Build.0 = Debug|Any CPU
		{427051A9-179F-4213-A58B-77C8DCEC78CD}.Release|Any CPU.ActiveCfg = Release|Any CPU
		{427051A9-179F-4213-A58B-77C8DCEC78CD}.Release|Any CPU.Build.0 = Release|Any CPU
		{0A372E43-7142-4809-BF98-A2E9A1CC27B4}.Debug|Any CPU.ActiveCfg = Debug|Any CPU
		{0A372E43-7142-4809-BF98-A2E9A1CC27B4}.Debug|Any CPU.Build.0 = Debug|Any CPU
		{0A372E43-7142-4809-BF98-A2E9A1CC27B4}.Release|Any CPU.ActiveCfg = Release|Any CPU
		{0A372E43-7142-4809-BF98-A2E9A1CC27B4}.Release|Any CPU.Build.0 = Release|Any CPU
		{26367097-3754-4EAB-B68A-215442DE4CD3}.Debug|Any CPU.ActiveCfg = Debug|Any CPU
		{26367097-3754-4EAB-B68A-215442DE4CD3}.Debug|Any CPU.Build.0 = Debug|Any CPU
		{26367097-3754-4EAB-B68A-215442DE4CD3}.Release|Any CPU.ActiveCfg = Release|Any CPU
		{26367097-3754-4EAB-B68A-215442DE4CD3}.Release|Any CPU.Build.0 = Release|Any CPU
		{841DEDAE-6A30-44B7-B2C4-465135225383}.Debug|Any CPU.ActiveCfg = Debug|Any CPU
		{841DEDAE-6A30-44B7-B2C4-465135225383}.Debug|Any CPU.Build.0 = Debug|Any CPU
		{841DEDAE-6A30-44B7-B2C4-465135225383}.Release|Any CPU.ActiveCfg = Release|Any CPU
		{841DEDAE-6A30-44B7-B2C4-465135225383}.Release|Any CPU.Build.0 = Release|Any CPU
		{5E9F018D-9A66-4C64-A465-A463B32DA6CB}.Debug|Any CPU.ActiveCfg = Debug|Any CPU
		{5E9F018D-9A66-4C64-A465-A463B32DA6CB}.Debug|Any CPU.Build.0 = Debug|Any CPU
		{5E9F018D-9A66-4C64-A465-A463B32DA6CB}.Release|Any CPU.ActiveCfg = Release|Any CPU
		{5E9F018D-9A66-4C64-A465-A463B32DA6CB}.Release|Any CPU.Build.0 = Release|Any CPU
		{2FAEF3E9-FC2E-4069-AA08-B33ED3542A1B}.Debug|Any CPU.ActiveCfg = Debug|Any CPU
		{2FAEF3E9-FC2E-4069-AA08-B33ED3542A1B}.Debug|Any CPU.Build.0 = Debug|Any CPU
		{2FAEF3E9-FC2E-4069-AA08-B33ED3542A1B}.Release|Any CPU.ActiveCfg = Release|Any CPU
		{2FAEF3E9-FC2E-4069-AA08-B33ED3542A1B}.Release|Any CPU.Build.0 = Release|Any CPU
		{866F5FB1-73CE-4254-9650-8368BC9E438B}.Debug|Any CPU.ActiveCfg = Debug|Any CPU
		{866F5FB1-73CE-4254-9650-8368BC9E438B}.Debug|Any CPU.Build.0 = Debug|Any CPU
		{866F5FB1-73CE-4254-9650-8368BC9E438B}.Release|Any CPU.ActiveCfg = Release|Any CPU
		{866F5FB1-73CE-4254-9650-8368BC9E438B}.Release|Any CPU.Build.0 = Release|Any CPU
		{16464D18-320D-432D-852F-810AB8782EB1}.Debug|Any CPU.ActiveCfg = Debug|Any CPU
		{16464D18-320D-432D-852F-810AB8782EB1}.Debug|Any CPU.Build.0 = Debug|Any CPU
		{16464D18-320D-432D-852F-810AB8782EB1}.Release|Any CPU.ActiveCfg = Release|Any CPU
		{16464D18-320D-432D-852F-810AB8782EB1}.Release|Any CPU.Build.0 = Release|Any CPU
		{051EC0DE-A6CA-42AD-BBA9-0E21EBC60549}.Debug|Any CPU.ActiveCfg = Debug|Any CPU
		{051EC0DE-A6CA-42AD-BBA9-0E21EBC60549}.Debug|Any CPU.Build.0 = Debug|Any CPU
		{051EC0DE-A6CA-42AD-BBA9-0E21EBC60549}.Release|Any CPU.ActiveCfg = Release|Any CPU
		{051EC0DE-A6CA-42AD-BBA9-0E21EBC60549}.Release|Any CPU.Build.0 = Release|Any CPU
		{BCDF73FD-CA88-4003-9E66-E127A78F8068}.Debug|Any CPU.ActiveCfg = Debug|Any CPU
		{BCDF73FD-CA88-4003-9E66-E127A78F8068}.Debug|Any CPU.Build.0 = Debug|Any CPU
		{BCDF73FD-CA88-4003-9E66-E127A78F8068}.Release|Any CPU.ActiveCfg = Release|Any CPU
		{BCDF73FD-CA88-4003-9E66-E127A78F8068}.Release|Any CPU.Build.0 = Release|Any CPU
		{78D1A1F8-7610-4BBF-84AA-2E24490F91F1}.Debug|Any CPU.ActiveCfg = Debug|Any CPU
		{78D1A1F8-7610-4BBF-84AA-2E24490F91F1}.Debug|Any CPU.Build.0 = Debug|Any CPU
		{78D1A1F8-7610-4BBF-84AA-2E24490F91F1}.Release|Any CPU.ActiveCfg = Release|Any CPU
		{78D1A1F8-7610-4BBF-84AA-2E24490F91F1}.Release|Any CPU.Build.0 = Release|Any CPU
		{50D05198-33B7-4EDE-B98F-FCFD8FD84024}.Debug|Any CPU.ActiveCfg = Debug|Any CPU
		{50D05198-33B7-4EDE-B98F-FCFD8FD84024}.Debug|Any CPU.Build.0 = Debug|Any CPU
		{50D05198-33B7-4EDE-B98F-FCFD8FD84024}.Release|Any CPU.ActiveCfg = Release|Any CPU
		{50D05198-33B7-4EDE-B98F-FCFD8FD84024}.Release|Any CPU.Build.0 = Release|Any CPU
		{10A146C0-88CC-45D6-AEDC-E46230AA19D8}.Debug|Any CPU.ActiveCfg = Debug|Any CPU
		{10A146C0-88CC-45D6-AEDC-E46230AA19D8}.Debug|Any CPU.Build.0 = Debug|Any CPU
		{10A146C0-88CC-45D6-AEDC-E46230AA19D8}.Release|Any CPU.ActiveCfg = Release|Any CPU
		{10A146C0-88CC-45D6-AEDC-E46230AA19D8}.Release|Any CPU.Build.0 = Release|Any CPU
	EndGlobalSection
	GlobalSection(SolutionProperties) = preSolution
		HideSolutionNode = FALSE
	EndGlobalSection
	GlobalSection(NestedProjects) = preSolution
		{C01F03CA-3262-4F1B-92AC-62F2D934D6FA} = {79F3B20E-BA7A-4E88-A824-A02D2B943E62}
		{D6A8A09C-B82C-4F9E-A039-FD9C7A7918A4} = {79F3B20E-BA7A-4E88-A824-A02D2B943E62}
		{FD304049-D88A-4CFA-9ADE-B97B8B37A23B} = {79F3B20E-BA7A-4E88-A824-A02D2B943E62}
		{E4D83A82-E1D3-4005-AED3-50C06839AA33} = {F7D20543-7325-4CA7-A992-6DA7B4E755FE}
		{0B3A9489-8116-4FE2-9122-4DFDB94DA495} = {F7D20543-7325-4CA7-A992-6DA7B4E755FE}
		{427051A9-179F-4213-A58B-77C8DCEC78CD} = {F7D20543-7325-4CA7-A992-6DA7B4E755FE}
		{0A372E43-7142-4809-BF98-A2E9A1CC27B4} = {04DF8424-BCAE-4599-91AD-6510A5B6CA81}
		{26367097-3754-4EAB-B68A-215442DE4CD3} = {04DF8424-BCAE-4599-91AD-6510A5B6CA81}
		{841DEDAE-6A30-44B7-B2C4-465135225383} = {04DF8424-BCAE-4599-91AD-6510A5B6CA81}
		{5E9F018D-9A66-4C64-A465-A463B32DA6CB} = {5E99FF9C-3CE0-463A-A7DB-7EA0674A50AF}
		{2FAEF3E9-FC2E-4069-AA08-B33ED3542A1B} = {5E99FF9C-3CE0-463A-A7DB-7EA0674A50AF}
		{866F5FB1-73CE-4254-9650-8368BC9E438B} = {5E99FF9C-3CE0-463A-A7DB-7EA0674A50AF}
		{16464D18-320D-432D-852F-810AB8782EB1} = {A5DDCEA6-C104-4333-9F9F-887BF3506EB1}
		{051EC0DE-A6CA-42AD-BBA9-0E21EBC60549} = {A5DDCEA6-C104-4333-9F9F-887BF3506EB1}
		{BCDF73FD-CA88-4003-9E66-E127A78F8068} = {A5DDCEA6-C104-4333-9F9F-887BF3506EB1}
		{78D1A1F8-7610-4BBF-84AA-2E24490F91F1} = {E9F3926D-633F-42FD-987A-F19519ED512B}
		{50D05198-33B7-4EDE-B98F-FCFD8FD84024} = {E9F3926D-633F-42FD-987A-F19519ED512B}
		{10A146C0-88CC-45D6-AEDC-E46230AA19D8} = {E9F3926D-633F-42FD-987A-F19519ED512B}
	EndGlobalSection
	GlobalSection(ExtensibilityGlobals) = postSolution
		SolutionGuid = {F1575414-5C91-4F6F-A731-604DE0F1279C}
	EndGlobalSection
EndGlobal
